github.com/evanw/esbuild v0.13.15 h1:yogFIjIkY1f2bVboxMAsv1sHJFWphkwZnm3FZ09Qhxc=
github.com/evanw/esbuild v0.13.15/go.mod h1:GG+zjdi59yh3ehDn4ZWfPcATxjPDUH53iU4ZJbp7dkY=
github.com/thought-machine/go-flags v1.5.0 h1:w0TqJzliGoemL/byvtrHyneTtiWjVDUJxbejnCxg1pw=
github.com/thought-machine/go-flags v1.5.0/go.mod h1:+r2g8uGwgGM7IGZzmMS97mKBFLDbW6vgFO1jxp0rDmg=
golang.org/x/sys v0.0.0-20201207223542-d4d67f95c62d/go.mod h1:h1NjWce9XRLGQEsW7wpKNCjG9DtNlClVuFLEZdDNbEs=
golang.org/x/sys v0.0.0-20210908233432-aa78b53d3365 h1:6wSTsvPddg9gc/mVEEyk9oOAoxn+bT4Z9q1zx+4RwA4=
golang.org/x/sys v0.0.0-20210908233432-aa78b53d3365/go.mod h1:oPkhp1MJrh7nUepCBck5+mAzfO9JrbApNNgaTdGDITg=
