github.com/evanw/esbuild v0.8.49 h1:5Pq/z1C+s07oD6y2eRU2TcOdPrwL8bm/2WnZiOtMpbE=
github.com/evanw/esbuild v0.8.49/go.mod h1:y2AFBAGVelPqPodpdtxWWqe6n2jYf5FrsJbligmRmuw=
github.com/thought-machine/go-flags v1.5.0 h1:w0TqJzliGoemL/byvtrHyneTtiWjVDUJxbejnCxg1pw=
github.com/thought-machine/go-flags v1.5.0/go.mod h1:+r2g8uGwgGM7IGZzmMS97mKBFLDbW6vgFO1jxp0rDmg=
golang.org/x/sys v0.0.0-20200501145240-bc7a7d42d5c3/go.mod h1:h1NjWce9XRLGQEsW7wpKNCjG9DtNlClVuFLEZdDNbEs=
golang.org/x/sys v0.0.0-20201207223542-d4d67f95c62d h1:MiWWjyhUzZ+jvhZvloX6ZrUsdEghn8a64Upd8EMHglE=
golang.org/x/sys v0.0.0-20201207223542-d4d67f95c62d/go.mod h1:h1NjWce9XRLGQEsW7wpKNCjG9DtNlClVuFLEZdDNbEs=
gopkg.in/op/go-logging.v1 v1.0.0-20160211212156-b2cb9fa56473 h1:6D+BvnJ/j6e222UW8s2qTSe3wGBtvo0MbVQG/c5k8RE=
gopkg.in/op/go-logging.v1 v1.0.0-20160211212156-b2cb9fa56473/go.mod h1:N1eN2tsCx0Ydtgjl4cqmbRCsY4/+z4cYDeqwZTk6zog=
